
Microsoft Visual Studio Solution File, Format Version 12.00
# Visual Studio 2012
Project("{FAE04EC0-301F-11D3-BF4B-00C04F79EFBC}") = "Particles.Android", "Particles.Android\Particles.Android.csproj", "{26D96CEE-610D-4B24-A46E-78069A899427}"
EndProject
Project("{FAE04EC0-301F-11D3-BF4B-00C04F79EFBC}") = "Particles.iOS", "Particles.iOS\Particles.iOS.csproj", "{2BB1E30E-693B-44CC-8350-4D4EE8D9BA98}"
EndProject
Project("{FAE04EC0-301F-11D3-BF4B-00C04F79EFBC}") = "Particles", "Particles\Particles.csproj", "{73C93BB0-0664-4422-A5EB-536C73C1063C}"
EndProject
Global
	GlobalSection(SolutionConfigurationPlatforms) = preSolution
		Debug|Any CPU = Debug|Any CPU
		Release|Any CPU = Release|Any CPU
		Debug|iPhoneSimulator = Debug|iPhoneSimulator
		Release|iPhoneSimulator = Release|iPhoneSimulator
		Debug|iPhone = Debug|iPhone
		Release|iPhone = Release|iPhone
		Ad-Hoc|iPhone = Ad-Hoc|iPhone
		AppStore|iPhone = AppStore|iPhone
	EndGlobalSection
	GlobalSection(ProjectConfigurationPlatforms) = postSolution
		{26D96CEE-610D-4B24-A46E-78069A899427}.Debug|Any CPU.ActiveCfg = Debug|Any CPU
		{26D96CEE-610D-4B24-A46E-78069A899427}.Debug|Any CPU.Build.0 = Debug|Any CPU
		{26D96CEE-610D-4B24-A46E-78069A899427}.Release|Any CPU.ActiveCfg = Release|Any CPU
		{26D96CEE-610D-4B24-A46E-78069A899427}.Release|Any CPU.Build.0 = Release|Any CPU
		{26D96CEE-610D-4B24-A46E-78069A899427}.Debug|iPhoneSimulator.ActiveCfg = Debug|Any CPU
		{26D96CEE-610D-4B24-A46E-78069A899427}.Debug|iPhoneSimulator.Build.0 = Debug|Any CPU
		{26D96CEE-610D-4B24-A46E-78069A899427}.Release|iPhoneSimulator.ActiveCfg = Release|Any CPU
		{26D96CEE-610D-4B24-A46E-78069A899427}.Release|iPhoneSimulator.Build.0 = Release|Any CPU
		{26D96CEE-610D-4B24-A46E-78069A899427}.Debug|iPhone.ActiveCfg = Debug|Any CPU
		{26D96CEE-610D-4B24-A46E-78069A899427}.Debug|iPhone.Build.0 = Debug|Any CPU
		{26D96CEE-610D-4B24-A46E-78069A899427}.Release|iPhone.ActiveCfg = Release|Any CPU
		{26D96CEE-610D-4B24-A46E-78069A899427}.Release|iPhone.Build.0 = Release|Any CPU
		{26D96CEE-610D-4B24-A46E-78069A899427}.Ad-Hoc|iPhone.ActiveCfg = Debug|Any CPU
		{26D96CEE-610D-4B24-A46E-78069A899427}.Ad-Hoc|iPhone.Build.0 = Debug|Any CPU
		{26D96CEE-610D-4B24-A46E-78069A899427}.AppStore|iPhone.ActiveCfg = Debug|Any CPU
		{26D96CEE-610D-4B24-A46E-78069A899427}.AppStore|iPhone.Build.0 = Debug|Any CPU
		{2BB1E30E-693B-44CC-8350-4D4EE8D9BA98}.Debug|Any CPU.ActiveCfg = Debug|iPhoneSimulator
		{2BB1E30E-693B-44CC-8350-4D4EE8D9BA98}.Debug|Any CPU.Build.0 = Debug|iPhoneSimulator
		{2BB1E30E-693B-44CC-8350-4D4EE8D9BA98}.Release|Any CPU.ActiveCfg = Release|iPhoneSimulator
		{2BB1E30E-693B-44CC-8350-4D4EE8D9BA98}.Release|Any CPU.Build.0 = Release|iPhoneSimulator
		{2BB1E30E-693B-44CC-8350-4D4EE8D9BA98}.Debug|iPhoneSimulator.ActiveCfg = Debug|iPhoneSimulator
		{2BB1E30E-693B-44CC-8350-4D4EE8D9BA98}.Debug|iPhoneSimulator.Build.0 = Debug|iPhoneSimulator
		{2BB1E30E-693B-44CC-8350-4D4EE8D9BA98}.Release|iPhoneSimulator.ActiveCfg = Release|iPhoneSimulator
		{2BB1E30E-693B-44CC-8350-4D4EE8D9BA98}.Release|iPhoneSimulator.Build.0 = Release|iPhoneSimulator
		{2BB1E30E-693B-44CC-8350-4D4EE8D9BA98}.Debug|iPhone.ActiveCfg = Debug|iPhone
		{2BB1E30E-693B-44CC-8350-4D4EE8D9BA98}.Debug|iPhone.Build.0 = Debug|iPhone
		{2BB1E30E-693B-44CC-8350-4D4EE8D9BA98}.Release|iPhone.ActiveCfg = Release|iPhone
		{2BB1E30E-693B-44CC-8350-4D4EE8D9BA98}.Release|iPhone.Build.0 = Release|iPhone
		{2BB1E30E-693B-44CC-8350-4D4EE8D9BA98}.Ad-Hoc|iPhone.ActiveCfg = Ad-Hoc|iPhone
		{2BB1E30E-693B-44CC-8350-4D4EE8D9BA98}.Ad-Hoc|iPhone.Build.0 = Ad-Hoc|iPhone
		{2BB1E30E-693B-44CC-8350-4D4EE8D9BA98}.AppStore|iPhone.ActiveCfg = AppStore|iPhone
		{2BB1E30E-693B-44CC-8350-4D4EE8D9BA98}.AppStore|iPhone.Build.0 = AppStore|iPhone
		{73C93BB0-0664-4422-A5EB-536C73C1063C}.Debug|Any CPU.ActiveCfg = Debug|Any CPU
		{73C93BB0-0664-4422-A5EB-536C73C1063C}.Debug|Any CPU.Build.0 = Debug|Any CPU
		{73C93BB0-0664-4422-A5EB-536C73C1063C}.Release|Any CPU.ActiveCfg = Release|Any CPU
		{73C93BB0-0664-4422-A5EB-536C73C1063C}.Release|Any CPU.Build.0 = Release|Any CPU
		{73C93BB0-0664-4422-A5EB-536C73C1063C}.Debug|iPhoneSimulator.ActiveCfg = Debug|Any CPU
		{73C93BB0-0664-4422-A5EB-536C73C1063C}.Debug|iPhoneSimulator.Build.0 = Debug|Any CPU
		{73C93BB0-0664-4422-A5EB-536C73C1063C}.Release|iPhoneSimulator.ActiveCfg = Release|Any CPU
		{73C93BB0-0664-4422-A5EB-536C73C1063C}.Release|iPhoneSimulator.Build.0 = Release|Any CPU
		{73C93BB0-0664-4422-A5EB-536C73C1063C}.Debug|iPhone.ActiveCfg = Debug|Any CPU
		{73C93BB0-0664-4422-A5EB-536C73C1063C}.Debug|iPhone.Build.0 = Debug|Any CPU
		{73C93BB0-0664-4422-A5EB-536C73C1063C}.Release|iPhone.ActiveCfg = Release|Any CPU
		{73C93BB0-0664-4422-A5EB-536C73C1063C}.Release|iPhone.Build.0 = Release|Any CPU
		{73C93BB0-0664-4422-A5EB-536C73C1063C}.Ad-Hoc|iPhone.ActiveCfg = Debug|Any CPU
		{73C93BB0-0664-4422-A5EB-536C73C1063C}.Ad-Hoc|iPhone.Build.0 = Debug|Any CPU
		{73C93BB0-0664-4422-A5EB-536C73C1063C}.AppStore|iPhone.ActiveCfg = Debug|Any CPU
		{73C93BB0-0664-4422-A5EB-536C73C1063C}.AppStore|iPhone.Build.0 = Debug|Any CPU
	EndGlobalSection
EndGlobal
