{
  "requires": true,
  "lockfileVersion": 1,
  "dependencies": {
    "bourbon": {
      "version": "5.0.0",
      "resolved": "https://registry.npmjs.org/bourbon/-/bourbon-5.0.0.tgz",
      "integrity": "sha512-1BOgwfr0dvAqdL3mj0HZbuYJjt/Ilz6fLhSz55kIo9zYTYsQDg4AzrpwepWJoVLY3tKKYV5Z/0dKHEUz3ecXAg=="
    }
  }
}
