
Microsoft Visual Studio Solution File, Format Version 12.00
# Visual Studio 2013
VisualStudioVersion = 12.0.30110.0
MinimumVisualStudioVersion = 10.0.40219.1
Project("{2150E333-8FDC-42A3-9474-1A3956D46DE8}") = "Chapter1", "Chapter1", "{629F7716-8CB4-4D70-84B2-EE813791AE4C}"
	ProjectSection(SolutionItems) = preProject
		Chapter1\RpnCalculator.fsx = Chapter1\RpnCalculator.fsx
	EndProjectSection
EndProject
Project("{2150E333-8FDC-42A3-9474-1A3956D46DE8}") = "Chapter3", "Chapter3", "{5657802C-129F-4F5C-B392-2B459A7A7116}"
	ProjectSection(SolutionItems) = preProject
		Chapter3\Bindings_Let_Basic.fsx = Chapter3\Bindings_Let_Basic.fsx
		Chapter3\Bindings_Let_Literal.fsx = Chapter3\Bindings_Let_Literal.fsx
		Chapter3\Bindings_Let_Mutable.fsx = Chapter3\Bindings_Let_Mutable.fsx
		Chapter3\Bindings_Use.fsx = Chapter3\Bindings_Use.fsx
		Chapter3\Branching_If.fsx = Chapter3\Branching_If.fsx
		Chapter3\Comments_XML.fsx = Chapter3\Comments_XML.fsx
		Chapter3\Enumerations_BaseType.fsx = Chapter3\Enumerations_BaseType.fsx
		Chapter3\Enumerations_Basic.fsx = Chapter3\Enumerations_Basic.fsx
		Chapter3\Enumerations_Flags.fsx = Chapter3\Enumerations_Flags.fsx
		Chapter3\Exceptions_Custom_Explicit.fsx = Chapter3\Exceptions_Custom_Explicit.fsx
		Chapter3\Exceptions_Custom_Shortcut.fsx = Chapter3\Exceptions_Custom_Shortcut.fsx
		Chapter3\Exceptions_Handling_TryFinally.fsx = Chapter3\Exceptions_Handling_TryFinally.fsx
		Chapter3\Exceptions_Handling_TryWith_01.fsx = Chapter3\Exceptions_Handling_TryWith_01.fsx
		Chapter3\Exceptions_Handling_TryWith_02.fsx = Chapter3\Exceptions_Handling_TryWith_02.fsx
		Chapter3\Exceptions_Handling_TryWith_03.fsx = Chapter3\Exceptions_Handling_TryWith_03.fsx
		Chapter3\Exceptions_Handling_TryWith_04.fsx = Chapter3\Exceptions_Handling_TryWith_04.fsx
		Chapter3\Exceptions_Handling_TryWith_05.fsx = Chapter3\Exceptions_Handling_TryWith_05.fsx
		Chapter3\Exceptions_Raising_failwith.fsx = Chapter3\Exceptions_Raising_failwith.fsx
		Chapter3\Exceptions_Raising_invalidArg.fsx = Chapter3\Exceptions_Raising_invalidArg.fsx
		Chapter3\Exceptions_Raising_raise.fsx = Chapter3\Exceptions_Raising_raise.fsx
		Chapter3\Looping_EnumerableFor.fsx = Chapter3\Looping_EnumerableFor.fsx
		Chapter3\Looping_SimpleFor.fsx = Chapter3\Looping_SimpleFor.fsx
		Chapter3\Loops_While.fsx = Chapter3\Loops_While.fsx
		Chapter3\OptionalParameters.fsx = Chapter3\OptionalParameters.fsx
		Chapter3\Options.fsx = Chapter3\Options.fsx
		Chapter3\ReferenceCells.fsx = Chapter3\ReferenceCells.fsx
		Chapter3\UnitAndIgnore.fsx = Chapter3\UnitAndIgnore.fsx
		Chapter3\UsingFunction.fsx = Chapter3\UsingFunction.fsx
	EndProjectSection
EndProject
Project("{2150E333-8FDC-42A3-9474-1A3956D46DE8}") = "Chapter7", "Chapter7", "{858FEA28-86A7-4113-8A76-E0BF79ADA41A}"
	ProjectSection(SolutionItems) = preProject
		Chapter7\ActivePatterns.fsx = Chapter7\ActivePatterns.fsx
		Chapter7\ANDPatterns.fsx = Chapter7\ANDPatterns.fsx
		Chapter7\ArrayPatterns.fsx = Chapter7\ArrayPatterns.fsx
		Chapter7\AsPatterns_01.fsx = Chapter7\AsPatterns_01.fsx
		Chapter7\AsPatterns_02.fsx = Chapter7\AsPatterns_02.fsx
		Chapter7\ConsPatterns.fsx = Chapter7\ConsPatterns.fsx
		Chapter7\ConstantPatterns.fsx = Chapter7\ConstantPatterns.fsx
		Chapter7\DynamicTypeTestPatterns.fsx = Chapter7\DynamicTypeTestPatterns.fsx
		Chapter7\GuardClauses_01.fsx = Chapter7\GuardClauses_01.fsx
		Chapter7\GuardClauses_02.fsx = Chapter7\GuardClauses_02.fsx
		Chapter7\IdentifierPatternsLiterals.fsx = Chapter7\IdentifierPatternsLiterals.fsx
		Chapter7\IdentifierPatternsUnionCases.fsx = Chapter7\IdentifierPatternsUnionCases.fsx
		Chapter7\ListPatterns.fsx = Chapter7\ListPatterns.fsx
		Chapter7\NullPatterns.fsx = Chapter7\NullPatterns.fsx
		Chapter7\ORPatterns.fsx = Chapter7\ORPatterns.fsx
		Chapter7\ParameterizedActivePatterns.fsx = Chapter7\ParameterizedActivePatterns.fsx
		Chapter7\ParenthesizedPatterns.fsx = Chapter7\ParenthesizedPatterns.fsx
		Chapter7\PartialActivePatterns.fsx = Chapter7\PartialActivePatterns.fsx
		Chapter7\PatternMatchingFunctions_01.fsx = Chapter7\PatternMatchingFunctions_01.fsx
		Chapter7\PatternMatchingFunctions_02.fsx = Chapter7\PatternMatchingFunctions_02.fsx
		Chapter7\RecordPatterns.fsx = Chapter7\RecordPatterns.fsx
		Chapter7\TuplePatterns.fsx = Chapter7\TuplePatterns.fsx
		Chapter7\TypeAnnotatedPatterns.fsx = Chapter7\TypeAnnotatedPatterns.fsx
		Chapter7\VariablePatterns.fsx = Chapter7\VariablePatterns.fsx
		Chapter7\WildcardPatterns.fsx = Chapter7\WildcardPatterns.fsx
	EndProjectSection
EndProject
Project("{2150E333-8FDC-42A3-9474-1A3956D46DE8}") = "Chapter9", "Chapter9", "{307A27CF-3FA6-4157-BA01-68688EB9AF5C}"
	ProjectSection(SolutionItems) = preProject
		Chapter9\Decomposition.fsx = Chapter9\Decomposition.fsx
		Chapter9\ManualComposition.fsx = Chapter9\ManualComposition.fsx
		Chapter9\PropertyChangedExample.fsx = Chapter9\PropertyChangedExample.fsx
		Chapter9\QuotedLiterals_01.fsx = Chapter9\QuotedLiterals_01.fsx
		Chapter9\QuotedLiterals_02.fsx = Chapter9\QuotedLiterals_02.fsx
		Chapter9\QuotedLiterals_03.fsx = Chapter9\QuotedLiterals_03.fsx
		Chapter9\Reflection.fsx = Chapter9\Reflection.fsx
		Chapter9\ReplacingReflection.fsx = Chapter9\ReplacingReflection.fsx
		Chapter9\SplicingStronglyTyped.fsx = Chapter9\SplicingStronglyTyped.fsx
	EndProjectSection
EndProject
Project("{2150E333-8FDC-42A3-9474-1A3956D46DE8}") = "Chapter10", "Chapter10", "{D950C491-E97B-4B50-B43F-78C1B5E29A50}"
	ProjectSection(SolutionItems) = preProject
		Chapter10\__querySource.fsx = Chapter10\__querySource.fsx
		Chapter10\Aggregation.fsx = Chapter10\Aggregation.fsx
		Chapter10\BasicQuerying.fsx = Chapter10\BasicQuerying.fsx
		Chapter10\Detecting.fsx = Chapter10\Detecting.fsx
		Chapter10\ExtendingQueryExpressions.fsx = Chapter10\ExtendingQueryExpressions.fsx
		Chapter10\FiltersDistinct.fsx = Chapter10\FiltersDistinct.fsx
		Chapter10\FiltersPredicate.fsx = Chapter10\FiltersPredicate.fsx
		Chapter10\Grouping.fsx = Chapter10\Grouping.fsx
		Chapter10\IndividualItems.fsx = Chapter10\IndividualItems.fsx
		Chapter10\Joining.fsx = Chapter10\Joining.fsx
		Chapter10\ODataProvider-Northwind.fsx = Chapter10\ODataProvider-Northwind.fsx
		Chapter10\Pagination.fsx = Chapter10\Pagination.fsx
		Chapter10\RegexProvider.fsx = Chapter10\RegexProvider.fsx
		Chapter10\Sorting.fsx = Chapter10\Sorting.fsx
	EndProjectSection
EndProject
Project("{2150E333-8FDC-42A3-9474-1A3956D46DE8}") = "Chapter11", "Chapter11", "{125B639A-CC9C-476D-91D2-2188D82CF79D}"
	ProjectSection(SolutionItems) = preProject
		Chapter11\__agentsShared.fsx = Chapter11\__agentsShared.fsx
		Chapter11\__asyncWorkflowShared.fsx = Chapter11\__asyncWorkflowShared.fsx
		Chapter11\AgentsCalculator.fsx = Chapter11\AgentsCalculator.fsx
		Chapter11\AgentsGettingStarted.fsx = Chapter11\AgentsGettingStarted.fsx
		Chapter11\AgentsReplying.fsx = Chapter11\AgentsReplying.fsx
		Chapter11\AgentsScanning.fsx = Chapter11\AgentsScanning.fsx
		Chapter11\AggregateExceptions_01.fsx = Chapter11\AggregateExceptions_01.fsx
		Chapter11\AggregateExceptions_02.fsx = Chapter11\AggregateExceptions_02.fsx
		Chapter11\AggregateExceptions_03.fsx = Chapter11\AggregateExceptions_03.fsx
		Chapter11\AsyncWorkflowsCancelling_01.fsx = Chapter11\AsyncWorkflowsCancelling_01.fsx
		Chapter11\AsyncWorkflowsCancelling_02.fsx = Chapter11\AsyncWorkflowsCancelling_02.fsx
		Chapter11\AsyncWorkflowsCancelling_03.fsx = Chapter11\AsyncWorkflowsCancelling_03.fsx
		Chapter11\AsyncWorkflowsCancelling_04.fsx = Chapter11\AsyncWorkflowsCancelling_04.fsx
		Chapter11\AsyncWorkflowsCreating_01.fsx = Chapter11\AsyncWorkflowsCreating_01.fsx
		Chapter11\AsyncWorkflowsCreating_02.fsx = Chapter11\AsyncWorkflowsCreating_02.fsx
		Chapter11\AsyncWorkflowsCreating_03.fsx = Chapter11\AsyncWorkflowsCreating_03.fsx
		Chapter11\AsyncWorkflowsExceptionHandling_01.fsx = Chapter11\AsyncWorkflowsExceptionHandling_01.fsx
		Chapter11\AsyncWorkflowsExceptionHandling_02.fsx = Chapter11\AsyncWorkflowsExceptionHandling_02.fsx
		Chapter11\AsyncWorkflowsWithTPL_01.fsx = Chapter11\AsyncWorkflowsWithTPL_01.fsx
		Chapter11\AsyncWorkflowsWithTPL_02.fsx = Chapter11\AsyncWorkflowsWithTPL_02.fsx
		Chapter11\ContinueWhenAllExample.fsx = Chapter11\ContinueWhenAllExample.fsx
		Chapter11\ContinueWithExample.fsx = Chapter11\ContinueWithExample.fsx
		Chapter11\LockingAndLockAvoidance.fsx = Chapter11\LockingAndLockAvoidance.fsx
		Chapter11\ParallelLoops.fsx = Chapter11\ParallelLoops.fsx
		Chapter11\ParallelLoopsCancelling.fsx = Chapter11\ParallelLoopsCancelling.fsx
		Chapter11\ParallelLoopsShortCircuiting.fsx = Chapter11\ParallelLoopsShortCircuiting.fsx
		Chapter11\TasksCancelling.fsx = Chapter11\TasksCancelling.fsx
		Chapter11\TasksContinuations_01.fsx = Chapter11\TasksContinuations_01.fsx
		Chapter11\TasksContinuations_02.fsx = Chapter11\TasksContinuations_02.fsx
		Chapter11\TasksCreatingAndStarting_01.fsx = Chapter11\TasksCreatingAndStarting_01.fsx
		Chapter11\TasksCreatingAndStarting_02.fsx = Chapter11\TasksCreatingAndStarting_02.fsx
		Chapter11\TasksCreatingAndStarting_03.fsx = Chapter11\TasksCreatingAndStarting_03.fsx
		Chapter11\TasksReturningValues.fsx = Chapter11\TasksReturningValues.fsx
		Chapter11\TasksWaitingForCompletion.fsx = Chapter11\TasksWaitingForCompletion.fsx
	EndProjectSection
EndProject
Project("{2150E333-8FDC-42A3-9474-1A3956D46DE8}") = "Chapter12", "Chapter12", "{09208C04-2BC4-459F-A0DE-42CA0337AFC1}"
	ProjectSection(SolutionItems) = preProject
		Chapter12\FizzBuzz.fsx = Chapter12\FizzBuzz.fsx
		Chapter12\StringBuilder.fsx = Chapter12\StringBuilder.fsx
	EndProjectSection
EndProject
Project("{2150E333-8FDC-42A3-9474-1A3956D46DE8}") = "Chapter4", "Chapter4", "{AE1B5D6A-0D74-4C09-B611-36EBA1549D26}"
	ProjectSection(SolutionItems) = preProject
		Chapter4\AbstractMembers_Methods.fsx = Chapter4\AbstractMembers_Methods.fsx
		Chapter4\AbstractMembers_Properties.fsx = Chapter4\AbstractMembers_Properties.fsx
		Chapter4\Classes_Abstract.fsx = Chapter4\Classes_Abstract.fsx
		Chapter4\Classes_Empty.fsx = Chapter4\Classes_Empty.fsx
		Chapter4\Classes_Sealed.fsx = Chapter4\Classes_Sealed.fsx
		Chapter4\Classes_SelfIdentifiers_01.fsx = Chapter4\Classes_SelfIdentifiers_01.fsx
		Chapter4\Classes_SelfIdentifiers_02.fsx = Chapter4\Classes_SelfIdentifiers_02.fsx
		Chapter4\Constructors_Additional_01.fsx = Chapter4\Constructors_Additional_01.fsx
		Chapter4\Constructors_Additional_02.fsx = Chapter4\Constructors_Additional_02.fsx
		Chapter4\Constructors_Additional_03.fsx = Chapter4\Constructors_Additional_03.fsx
		Chapter4\Constructors_Primary.fsx = Chapter4\Constructors_Primary.fsx
		Chapter4\Constructors_PrivatePrimary.fsx = Chapter4\Constructors_PrivatePrimary.fsx
		Chapter4\Constructors_Static.fsx = Chapter4\Constructors_Static.fsx
		Chapter4\CustomOperators_Global.fsx = Chapter4\CustomOperators_Global.fsx
		Chapter4\CustomOperators_Infix.fsx = Chapter4\CustomOperators_Infix.fsx
		Chapter4\CustomOperators_New.fsx = Chapter4\CustomOperators_New.fsx
		Chapter4\CustomOperators_Prefix.fsx = Chapter4\CustomOperators_Prefix.fsx
		Chapter4\Events_Basic.fsx = Chapter4\Events_Basic.fsx
		Chapter4\Events_Custom.fsx = Chapter4\Events_Custom.fsx
		Chapter4\Events_Observing.fsx = Chapter4\Events_Observing.fsx
		Chapter4\Fields_Explicit.fsx = Chapter4\Fields_Explicit.fsx
		Chapter4\Fields_LetBound.fsx = Chapter4\Fields_LetBound.fsx
		Chapter4\Fields_Static.fsx = Chapter4\Fields_Static.fsx
		Chapter4\Inheritance_Basic.fsx = Chapter4\Inheritance_Basic.fsx
		Chapter4\Inheritance_Casting.fsx = Chapter4\Inheritance_Casting.fsx
		Chapter4\Inheritance_Interfaces.fsx = Chapter4\Inheritance_Interfaces.fsx
		Chapter4\Inheritance_OverridingMembers_01.fsx = Chapter4\Inheritance_OverridingMembers_01.fsx
		Chapter4\Inheritance_OverridingMembers_02.fsx = Chapter4\Inheritance_OverridingMembers_02.fsx
		Chapter4\Interfaces_Basic.fsx = Chapter4\Interfaces_Basic.fsx
		Chapter4\Interfaces_Empty.fsx = Chapter4\Interfaces_Empty.fsx
		Chapter4\Interfaces_Implementing.fsx = Chapter4\Interfaces_Implementing.fsx
		Chapter4\Methods.fsx = Chapter4\Methods.fsx
		Chapter4\Methods_Accessibility_01.fsx = Chapter4\Methods_Accessibility_01.fsx
		Chapter4\Methods_Accessibility_02.fsx = Chapter4\Methods_Accessibility_02.fsx
		Chapter4\Methods_NamedArguments.fsx = Chapter4\Methods_NamedArguments.fsx
		Chapter4\Methods_OptionalParameters.fsx = Chapter4\Methods_OptionalParameters.fsx
		Chapter4\Methods_Overloading.fsx = Chapter4\Methods_Overloading.fsx
		Chapter4\Methods_SliceExpressions_01.fsx = Chapter4\Methods_SliceExpressions_01.fsx
		Chapter4\Methods_SliceExpressions_02.fsx = Chapter4\Methods_SliceExpressions_02.fsx
		Chapter4\Methods_Static.fsx = Chapter4\Methods_Static.fsx
		Chapter4\MutualRecursionBetweenTypes.fsx = Chapter4\MutualRecursionBetweenTypes.fsx
		Chapter4\ObjectExpressions.fsx = Chapter4\ObjectExpressions.fsx
		Chapter4\Properties_Explicit_01.fsx = Chapter4\Properties_Explicit_01.fsx
		Chapter4\Properties_Explicit_02.fsx = Chapter4\Properties_Explicit_02.fsx
		Chapter4\Properties_Explicit_03.fsx = Chapter4\Properties_Explicit_03.fsx
		Chapter4\Properties_Explicit_04.fsx = Chapter4\Properties_Explicit_04.fsx
		Chapter4\Properties_Explicit_05.fsx = Chapter4\Properties_Explicit_05.fsx
		Chapter4\Properties_Implicit_01.fsx = Chapter4\Properties_Implicit_01.fsx
		Chapter4\Properties_Implicit_02.fsx = Chapter4\Properties_Implicit_02.fsx
		Chapter4\Properties_Indexed_Default.fsx = Chapter4\Properties_Indexed_Default.fsx
		Chapter4\Properties_Indexed_MultiDimensional.fsx = Chapter4\Properties_Indexed_MultiDimensional.fsx
		Chapter4\Properties_Indexed_Secondary.fsx = Chapter4\Properties_Indexed_Secondary.fsx
		Chapter4\Properties_Initializing.fsx = Chapter4\Properties_Initializing.fsx
		Chapter4\Properties_Static.fsx = Chapter4\Properties_Static.fsx
		Chapter4\Structs_Defining.fsx = Chapter4\Structs_Defining.fsx
		Chapter4\TypeExtensions.fsx = Chapter4\TypeExtensions.fsx
		Chapter4\VirtualMembers.fsx = Chapter4\VirtualMembers.fsx
	EndProjectSection
EndProject
Project("{2150E333-8FDC-42A3-9474-1A3956D46DE8}") = "Chapter5", "Chapter5", "{0A8A0C5B-70B9-42C7-90EB-8F00A1EEADA1}"
	ProjectSection(SolutionItems) = preProject
		Chapter5\Closures.fsx = Chapter5\Closures.fsx
		Chapter5\Currying.fsx = Chapter5\Currying.fsx
		Chapter5\DelegateToFSharpFunc.fsx = Chapter5\DelegateToFSharpFunc.fsx
		Chapter5\DU_AdditionalMembers.fsx = Chapter5\DU_AdditionalMembers.fsx
		Chapter5\DU_Defining_ObjectHierarchy.fsx = Chapter5\DU_Defining_ObjectHierarchy.fsx
		Chapter5\DU_Defining_ObjectHierarchy_FSharp31.fsx = Chapter5\DU_Defining_ObjectHierarchy_FSharp31.fsx
		Chapter5\DU_Defining_TreeStructures.fsx = Chapter5\DU_Defining_TreeStructures.fsx
		Chapter5\DU_SingleCase.fsx = Chapter5\DU_SingleCase.fsx
		Chapter5\FunctionComposition.fsx = Chapter5\FunctionComposition.fsx
		Chapter5\FunctionComposition_NoncurriedFunctions.fsx = Chapter5\FunctionComposition_NoncurriedFunctions.fsx
		Chapter5\LazyEvaluation.fsx = Chapter5\LazyEvaluation.fsx
		Chapter5\PartialApplication.fsx = Chapter5\PartialApplication.fsx
		Chapter5\Pipelining_Backward.fsx = Chapter5\Pipelining_Backward.fsx
		Chapter5\Pipelining_Forward_01.fsx = Chapter5\Pipelining_Forward_01.fsx
		Chapter5\Pipelining_Forward_02.fsx = Chapter5\Pipelining_Forward_02.fsx
		Chapter5\Pipelining_NoncurriedFunctions.fsx = Chapter5\Pipelining_NoncurriedFunctions.fsx
		Chapter5\Records_AvoidingNamingConflicts.fsx = Chapter5\Records_AvoidingNamingConflicts.fsx
		Chapter5\Records_Copying.fsx = Chapter5\Records_Copying.fsx
		Chapter5\Records_Creating.fsx = Chapter5\Records_Creating.fsx
		Chapter5\Records_Defining.fsx = Chapter5\Records_Defining.fsx
		Chapter5\Records_Extending_01.fsx = Chapter5\Records_Extending_01.fsx
		Chapter5\Records_Extending_02.fsx = Chapter5\Records_Extending_02.fsx
		Chapter5\Records_Extending_03.fsx = Chapter5\Records_Extending_03.fsx
		Chapter5\Records_Mutable.fsx = Chapter5\Records_Mutable.fsx
		Chapter5\Recursion_Basic.fsx = Chapter5\Recursion_Basic.fsx
		Chapter5\Recursion_MutuallyRecursiveFunctions.fsx = Chapter5\Recursion_MutuallyRecursiveFunctions.fsx
		Chapter5\Recursion_TailCallOptimized.fsx = Chapter5\Recursion_TailCallOptimized.fsx
		Chapter5\Tuples_Creating.fsx = Chapter5\Tuples_Creating.fsx
		Chapter5\Tuples_EqualitySemantics.fsx = Chapter5\Tuples_EqualitySemantics.fsx
		Chapter5\Tuples_ExtractingValues_01.fsx = Chapter5\Tuples_ExtractingValues_01.fsx
		Chapter5\Tuples_ExtractingValues_02.fsx = Chapter5\Tuples_ExtractingValues_02.fsx
		Chapter5\Tuples_ExtractingValues_03.fsx = Chapter5\Tuples_ExtractingValues_03.fsx
		Chapter5\Tuples_OutParameters.fsx = Chapter5\Tuples_OutParameters.fsx
		Chapter5\Tuples_Syntactic.fsx = Chapter5\Tuples_Syntactic.fsx
	EndProjectSection
EndProject
Project("{2150E333-8FDC-42A3-9474-1A3956D46DE8}") = "Chapter6", "Chapter6", "{3AF91860-1C53-4E62-82CE-BA508C21E5E9}"
	ProjectSection(SolutionItems) = preProject
		Chapter6\__shared.fsx = Chapter6\__shared.fsx
		Chapter6\ArnoldMovies.txt = Chapter6\ArnoldMovies.txt
		Chapter6\ArrayInitialization_01.fsx = Chapter6\ArrayInitialization_01.fsx
		Chapter6\ArrayInitialization_02.fsx = Chapter6\ArrayInitialization_02.fsx
		Chapter6\ArraysAccessingElements_01.fsx = Chapter6\ArraysAccessingElements_01.fsx
		Chapter6\ArraysAccessingElements_02.fsx = Chapter6\ArraysAccessingElements_02.fsx
		Chapter6\ArraysAccessingElements_03.fsx = Chapter6\ArraysAccessingElements_03.fsx
		Chapter6\ArraysAccessingElements_04.fsx = Chapter6\ArraysAccessingElements_04.fsx
		Chapter6\ArraysCopying.fsx = Chapter6\ArraysCopying.fsx
		Chapter6\ArraysEmpty.fsx = Chapter6\ArraysEmpty.fsx
		Chapter6\ArraysInitializing_01.fsx = Chapter6\ArraysInitializing_01.fsx
		Chapter6\ArraysInitializing_02.fsx = Chapter6\ArraysInitializing_02.fsx
		Chapter6\ArraysJagged.fsx = Chapter6\ArraysJagged.fsx
		Chapter6\ArraysMultidimensional.fsx = Chapter6\ArraysMultidimensional.fsx
		Chapter6\ArraysSorting_01.fsx = Chapter6\ArraysSorting_01.fsx
		Chapter6\ArraysSorting_02.fsx = Chapter6\ArraysSorting_02.fsx
		Chapter6\ConvertingCollections.fsx = Chapter6\ConvertingCollections.fsx
		Chapter6\ListsAccessingElements_01.fsx = Chapter6\ListsAccessingElements_01.fsx
		Chapter6\ListsAccessingElements_02.fsx = Chapter6\ListsAccessingElements_02.fsx
		Chapter6\ListsAccessingElements_03.fsx = Chapter6\ListsAccessingElements_03.fsx
		Chapter6\ListsCombining_01.fsx = Chapter6\ListsCombining_01.fsx
		Chapter6\ListsCombining_02.fsx = Chapter6\ListsCombining_02.fsx
		Chapter6\ListsCreating.fsx = Chapter6\ListsCreating.fsx
		Chapter6\MapsCreating.fsx = Chapter6\MapsCreating.fsx
		Chapter6\MapsFindingKeys.fsx = Chapter6\MapsFindingKeys.fsx
		Chapter6\MapsFindingValues.fsx = Chapter6\MapsFindingValues.fsx
		Chapter6\RangeExpressions_01.fsx = Chapter6\RangeExpressions_01.fsx
		Chapter6\RangeExpressions_02.fsx = Chapter6\RangeExpressions_02.fsx
		Chapter6\RangeExpressions_03.fsx = Chapter6\RangeExpressions_03.fsx
		Chapter6\RangeExpressions_04.fsx = Chapter6\RangeExpressions_04.fsx
		Chapter6\RangeExpressions_05.fsx = Chapter6\RangeExpressions_05.fsx
		Chapter6\SequenceExpressions.fsx = Chapter6\SequenceExpressions.fsx
		Chapter6\SequenceInitialization.fsx = Chapter6\SequenceInitialization.fsx
		Chapter6\SequenceLength_01.fsx = Chapter6\SequenceLength_01.fsx
		Chapter6\SequenceLength_02.fsx = Chapter6\SequenceLength_02.fsx
		Chapter6\SequencesAggregating_01.fsx = Chapter6\SequencesAggregating_01.fsx
		Chapter6\SequencesAggregating_02.fsx = Chapter6\SequencesAggregating_02.fsx
		Chapter6\SequencesAggregating_03.fsx = Chapter6\SequencesAggregating_03.fsx
		Chapter6\SequencesAggregating_04.fsx = Chapter6\SequencesAggregating_04.fsx
		Chapter6\SequencesAggregating_05.fsx = Chapter6\SequencesAggregating_05.fsx
		Chapter6\SequencesEmpty.fsx = Chapter6\SequencesEmpty.fsx
		Chapter6\SequencesFiltering.fsx = Chapter6\SequencesFiltering.fsx
		Chapter6\SequencesIterating.fsx = Chapter6\SequencesIterating.fsx
		Chapter6\SequencesSorting_01.fsx = Chapter6\SequencesSorting_01.fsx
		Chapter6\SequencesSorting_02.fsx = Chapter6\SequencesSorting_02.fsx
		Chapter6\SequencesTransforming.fsx = Chapter6\SequencesTransforming.fsx
		Chapter6\SetsCreating_01.fsx = Chapter6\SetsCreating_01.fsx
		Chapter6\SetsCreating_02.fsx = Chapter6\SetsCreating_02.fsx
		Chapter6\SetsDifferences.fsx = Chapter6\SetsDifferences.fsx
		Chapter6\SetsIntersections.fsx = Chapter6\SetsIntersections.fsx
		Chapter6\SetsSubsetsAndSupersets.fsx = Chapter6\SetsSubsetsAndSupersets.fsx
		Chapter6\SetsUnions.fsx = Chapter6\SetsUnions.fsx
	EndProjectSection
EndProject
Project("{2150E333-8FDC-42A3-9474-1A3956D46DE8}") = "Chapter8", "Chapter8", "{FFEC270F-A0E5-4449-B05E-FAF4BE16796C}"
	ProjectSection(SolutionItems) = preProject
		Chapter8\ApplyingMeasures_01.fsx = Chapter8\ApplyingMeasures_01.fsx
		Chapter8\ApplyingMeasures_02.fsx = Chapter8\ApplyingMeasures_02.fsx
		Chapter8\ApplyingMeasures_03.fsx = Chapter8\ApplyingMeasures_03.fsx
		Chapter8\CustomMeasureAwareTypes.fsx = Chapter8\CustomMeasureAwareTypes.fsx
		Chapter8\DefiningMeasures.fsx = Chapter8\DefiningMeasures.fsx
		Chapter8\EnforcingMeasures_01.fsx = Chapter8\EnforcingMeasures_01.fsx
		Chapter8\EnforcingMeasures_02.fsx = Chapter8\EnforcingMeasures_02.fsx
		Chapter8\GenericMeasures.fsx = Chapter8\GenericMeasures.fsx
		Chapter8\MeasuredRanges.fsx = Chapter8\MeasuredRanges.fsx
		Chapter8\MeasureFormulas_01.fsx = Chapter8\MeasureFormulas_01.fsx
		Chapter8\MeasureFormulas_02.fsx = Chapter8\MeasureFormulas_02.fsx
		Chapter8\MeasureFormulas_03.fsx = Chapter8\MeasureFormulas_03.fsx
		Chapter8\MeasureFormulas_04.fsx = Chapter8\MeasureFormulas_04.fsx
		Chapter8\StaticConversionFactors.fsx = Chapter8\StaticConversionFactors.fsx
		Chapter8\StaticConversionFunctions.fsx = Chapter8\StaticConversionFunctions.fsx
		Chapter8\StrippingMeasures_01.fsx = Chapter8\StrippingMeasures_01.fsx
		Chapter8\StrippingMeasures_02.fsx = Chapter8\StrippingMeasures_02.fsx
	EndProjectSection
EndProject
Global
	GlobalSection(TeamFoundationVersionControl) = preSolution
		SccNumberOfProjects = 1
		SccEnterpriseProvider = {4CA58AB2-18FA-4F8D-95D4-32DDF27D184C}
		SccTeamFoundationServer = https://davefancher.visualstudio.com/defaultcollection
		SccLocalPath0 = .
	EndGlobalSection
	GlobalSection(SolutionProperties) = preSolution
		HideSolutionNode = FALSE
	EndGlobalSection
	GlobalSection(NestedProjects) = preSolution
		{3AF91860-1C53-4E62-82CE-BA508C21E5E9} = {858FEA28-86A7-4113-8A76-E0BF79ADA41A}
	EndGlobalSection
EndGlobal
