{
    "doctrine/annotations": {
        "version": "1.0",
        "recipe": {
            "repo": "github.com/symfony/recipes",
            "branch": "master",
            "version": "1.0",
            "ref": "cb4152ebcadbe620ea2261da1a1c5a9b8cea7672"
        }
    },
    "doctrine/cache": {
        "version": "1.8.x-dev"
    },
    "doctrine/collections": {
        "version": "1.6.x-dev"
    },
    "doctrine/common": {
        "version": "2.9.x-dev"
    },
    "doctrine/data-fixtures": {
        "version": "1.3.x-dev"
    },
    "doctrine/dbal": {
        "version": "2.7.x-dev"
    },
    "doctrine/doctrine-bundle": {
        "version": "1.6",
        "recipe": {
            "repo": "github.com/symfony/recipes",
            "branch": "master",
            "version": "1.6",
            "ref": "44d3aa7752dd46f77ba11af2297a25e1dedfb4d0"
        }
    },
    "doctrine/doctrine-cache-bundle": {
        "version": "1.3.x-dev"
    },
    "doctrine/doctrine-fixtures-bundle": {
        "version": "2.4.x-dev"
    },
    "doctrine/doctrine-migrations-bundle": {
        "version": "1.2",
        "recipe": {
            "repo": "github.com/symfony/recipes",
            "branch": "master",
            "version": "1.2",
            "ref": "c1431086fec31f17fbcfe6d6d7e92059458facc1"
        }
    },
    "doctrine/inflector": {
        "version": "1.3.x-dev"
    },
    "doctrine/instantiator": {
        "version": "1.2.x-dev"
    },
    "doctrine/lexer": {
        "version": "1.0.x-dev"
    },
    "doctrine/migrations": {
        "version": "v1.7.x-dev"
    },
    "doctrine/orm": {
        "version": "2.6.x-dev"
    },
    "erusev/parsedown": {
        "version": "1.6.4"
    },
    "fzaninotto/faker": {
        "version": "1.8-dev"
    },
    "guzzlehttp/psr7": {
        "version": "1.4-dev"
    },
    "intervention/image": {
        "version": "2.4.1"
    },
    "jdorn/sql-formatter": {
        "version": "1.3.x-dev"
    },
    "league/flysystem": {
        "version": "1.1-dev"
    },
    "league/glide": {
        "version": "1.2.2"
    },
    "monolog/monolog": {
        "version": "1.x-dev"
    },
    "myclabs/deep-copy": {
        "version": "1.x-dev"
    },
    "ocramius/proxy-manager": {
        "version": "2.1.x-dev"
    },
    "paragonie/random_compat": {
        "version": "v2.0.11"
    },
    "pda/pheanstalk": {
        "version": "3.1-dev"
    },
    "phar-io/manifest": {
        "version": "1.0.x-dev"
    },
    "phar-io/version": {
        "version": "1.0.1"
    },
    "phpdocumentor/reflection-common": {
        "version": "1.0.x-dev"
    },
    "phpdocumentor/reflection-docblock": {
        "version": "4.x-dev"
    },
    "phpdocumentor/type-resolver": {
        "version": "0.4.0"
    },
    "phpspec/prophecy": {
        "version": "1.7.x-dev"
    },
    "phpunit/php-code-coverage": {
        "version": "5.2.x-dev"
    },
    "phpunit/php-file-iterator": {
        "version": "1.4.x-dev"
    },
    "phpunit/php-text-template": {
        "version": "1.2.1"
    },
    "phpunit/php-timer": {
        "version": "1.0-dev"
    },
    "phpunit/php-token-stream": {
        "version": "2.0.x-dev"
    },
    "phpunit/phpunit": {
        "version": "4.7",
        "recipe": {
            "repo": "github.com/symfony/recipes",
            "branch": "master",
            "version": "4.7",
            "ref": "07e681480e205e17703679882f4c1d1b71bcc4d5"
        }
    },
    "phpunit/phpunit-mock-objects": {
        "version": "5.0.x-dev"
    },
    "psr/cache": {
        "version": "1.0.x-dev"
    },
    "psr/container": {
        "version": "1.0.x-dev"
    },
    "psr/http-message": {
        "version": "1.0.x-dev"
    },
    "psr/log": {
        "version": "1.0.x-dev"
    },
    "psr/simple-cache": {
        "version": "1.0.x-dev"
    },
    "ramsey/uuid": {
        "version": "3.x-dev"
    },
    "ramsey/uuid-doctrine": {
        "version": "1.3",
        "recipe": {
            "repo": "github.com/symfony/recipes-contrib",
            "branch": "master",
            "version": "1.3",
            "ref": "f7895777cd673fcefbc321a9063077a24e5df646"
        }
    },
    "sebastian/code-unit-reverse-lookup": {
        "version": "1.0.x-dev"
    },
    "sebastian/comparator": {
        "version": "2.1.x-dev"
    },
    "sebastian/diff": {
        "version": "2.0-dev"
    },
    "sebastian/environment": {
        "version": "3.1.x-dev"
    },
    "sebastian/exporter": {
        "version": "3.1.x-dev"
    },
    "sebastian/global-state": {
        "version": "2.0-dev"
    },
    "sebastian/object-enumerator": {
        "version": "3.0.x-dev"
    },
    "sebastian/object-reflector": {
        "version": "1.1-dev"
    },
    "sebastian/recursion-context": {
        "version": "3.0.x-dev"
    },
    "sebastian/resource-operations": {
        "version": "1.0.x-dev"
    },
    "sebastian/version": {
        "version": "2.0.x-dev"
    },
    "sensio/framework-extra-bundle": {
        "version": "4.0",
        "recipe": {
            "repo": "github.com/symfony/recipes",
            "branch": "master",
            "version": "4.0",
            "ref": "aaddfdf43cdecd4cf91f992052d76c2cadc04543"
        }
    },
    "symfony/asset": {
        "version": "3.4.x-dev"
    },
    "symfony/cache": {
        "version": "4.1-dev"
    },
    "symfony/config": {
        "version": "4.1-dev"
    },
    "symfony/console": {
        "version": "3.3",
        "recipe": {
            "repo": "github.com/symfony/recipes",
            "branch": "master",
            "version": "3.3",
            "ref": "9f94d3ea453cd8a3b95db7f82592d7344fe3a76a"
        }
    },
    "symfony/debug": {
        "version": "4.1-dev"
    },
    "symfony/debug-bundle": {
        "version": "3.3",
        "recipe": {
            "repo": "github.com/symfony/recipes",
            "branch": "master",
            "version": "3.3",
            "ref": "de31e687f3964939abd1f66817bd96ed34bc2eee"
        }
    },
    "symfony/dependency-injection": {
        "version": "4.1-dev"
    },
    "symfony/doctrine-bridge": {
        "version": "4.1-dev"
    },
    "symfony/dotenv": {
        "version": "3.4.x-dev"
    },
    "symfony/event-dispatcher": {
        "version": "4.1-dev"
    },
    "symfony/filesystem": {
        "version": "4.1-dev"
    },
    "symfony/finder": {
        "version": "4.1-dev"
    },
    "symfony/flex": {
        "version": "1.0",
        "recipe": {
            "repo": "github.com/symfony/recipes",
            "branch": "master",
            "version": "1.0",
            "ref": "e921bdbfe20cdefa3b82f379d1cd36df1bc8d115"
        }
    },
    "symfony/form": {
        "version": "4.1-dev"
    },
    "symfony/framework-bundle": {
        "version": "3.3",
        "recipe": {
            "repo": "github.com/symfony/recipes",
            "branch": "master",
            "version": "3.3",
            "ref": "c0fdace641ed81c02668d6bfc0fc76a2b39ee7c9"
        }
    },
    "symfony/http-foundation": {
        "version": "4.1-dev"
    },
    "symfony/http-kernel": {
        "version": "4.1-dev"
    },
    "symfony/inflector": {
        "version": "4.1-dev"
    },
    "symfony/intl": {
        "version": "4.1-dev"
    },
    "symfony/monolog-bridge": {
        "version": "4.1-dev"
    },
    "symfony/monolog-bundle": {
        "version": "3.1",
        "recipe": {
            "repo": "github.com/symfony/recipes",
            "branch": "master",
            "version": "3.1",
            "ref": "c24944bd87dacf0bb8fa218dc21e4a70fff56882"
        }
    },
    "symfony/options-resolver": {
        "version": "4.1-dev"
    },
    "symfony/orm-pack": {
        "version": "v1.0.4"
    },
    "symfony/polyfill-intl-icu": {
        "version": "1.6-dev"
    },
    "symfony/polyfill-mbstring": {
        "version": "1.6-dev"
    },
    "symfony/polyfill-php72": {
        "version": "1.6-dev"
    },
    "symfony/property-access": {
        "version": "4.1-dev"
    },
    "symfony/routing": {
        "version": "3.3",
        "recipe": {
            "repo": "github.com/symfony/recipes",
            "branch": "master",
            "version": "3.3",
            "ref": "a249484db698d1a847a30291c8f732414ac47e25"
        }
    },
    "symfony/security": {
        "version": "4.1-dev"
    },
    "symfony/security-bundle": {
        "version": "3.3",
        "recipe": {
            "repo": "github.com/symfony/recipes",
            "branch": "master",
            "version": "3.3",
            "ref": "85834af1496735f28d831489d12ab1921a875e0d"
        }
    },
    "symfony/translation": {
        "version": "3.3",
        "recipe": {
            "repo": "github.com/symfony/recipes",
            "branch": "master",
            "version": "3.3",
            "ref": "124be9a2b7cc035fd8c56f4fd2e19c907c1f3fb8"
        }
    },
    "symfony/twig-bridge": {
        "version": "4.1-dev"
    },
    "symfony/twig-bundle": {
        "version": "3.3",
        "recipe": {
            "repo": "github.com/symfony/recipes",
            "branch": "master",
            "version": "3.3",
            "ref": "f75ac166398e107796ca94cc57fa1edaa06ec47f"
        }
    },
    "symfony/validator": {
        "version": "3.4.x-dev"
    },
    "symfony/var-dumper": {
        "version": "4.1-dev"
    },
    "symfony/yaml": {
        "version": "3.4.x-dev"
    },
    "theseer/tokenizer": {
        "version": "1.1.0"
    },
    "twig/twig": {
        "version": "2.x-dev"
    },
    "webmozart/assert": {
        "version": "1.3-dev"
    },
    "zendframework/zend-code": {
        "version": "3.3-dev"
    },
    "zendframework/zend-eventmanager": {
        "version": "3.3-dev"
    }
}
