
Microsoft Visual Studio Solution File, Format Version 11.00
# Visual Studio 2010
Project("{325B8569-0C7C-4A6A-8AF8-89C3B6BC9E74}") = "book-of-ruby", "book-of-ruby.stproj", "{2FBE672B-D4D9-416D-93C2-32F6E7F6DA44}"
EndProject
Global
	GlobalSection(SolutionConfigurationPlatforms) = preSolution
		Debug|Ruby = Debug|Ruby
		Release|Ruby = Release|Ruby
	EndGlobalSection
	GlobalSection(ProjectConfigurationPlatforms) = postSolution
		{2FBE672B-D4D9-416D-93C2-32F6E7F6DA44}.Debug|Ruby.ActiveCfg = Debug|Ruby
		{2FBE672B-D4D9-416D-93C2-32F6E7F6DA44}.Debug|Ruby.Build.0 = Debug|Ruby
		{2FBE672B-D4D9-416D-93C2-32F6E7F6DA44}.Release|Ruby.ActiveCfg = Release|Ruby
		{2FBE672B-D4D9-416D-93C2-32F6E7F6DA44}.Release|Ruby.Build.0 = Release|Ruby
	EndGlobalSection
	GlobalSection(SolutionProperties) = preSolution
		HideSolutionNode = FALSE
	EndGlobalSection
EndGlobal
