{
  "requires": true,
  "lockfileVersion": 1,
  "dependencies": {
    "add-event-listener": {
      "version": "0.0.1",
      "resolved": "https://registry.npmjs.org/add-event-listener/-/add-event-listener-0.0.1.tgz",
      "integrity": "sha1-p2Ip68ZMiu+uIEoWJzovJVq+otA="
    },
    "as-number": {
      "version": "1.0.0",
      "resolved": "https://registry.npmjs.org/as-number/-/as-number-1.0.0.tgz",
      "integrity": "sha1-rLJ+NPj52KsNqeN287iVmGD4CmY="
    },
    "canvas-app": {
      "version": "2.4.1",
      "resolved": "https://registry.npmjs.org/canvas-app/-/canvas-app-2.4.1.tgz",
      "integrity": "sha1-STzb2AjNYt6d729P0YFZLamn5fQ=",
      "requires": {
        "add-event-listener": "0.0.1",
        "debounce": "1.1.0",
        "is-webgl-context": "1.1.0",
        "webgl-context": "1.2.1"
      }
    },
    "debounce": {
      "version": "1.1.0",
      "resolved": "https://registry.npmjs.org/debounce/-/debounce-1.1.0.tgz",
      "integrity": "sha512-ZQVKfRVlwRfD150ndzEK8M90ABT+Y/JQKs4Y7U4MXdpuoUkkrr4DwKbVux3YjylA5bUMUj0Nc3pMxPJX6N2QQQ=="
    },
    "events": {
      "version": "1.1.1",
      "resolved": "https://registry.npmjs.org/events/-/events-1.1.1.tgz",
      "integrity": "sha1-nr23Y1rQmccNzEwqH1AEKI6L2SQ="
    },
    "is-webgl-context": {
      "version": "1.1.0",
      "resolved": "https://registry.npmjs.org/is-webgl-context/-/is-webgl-context-1.1.0.tgz",
      "integrity": "sha1-DuzQ72tjxmz0fKu84uLKO8FH71M="
    },
    "three-orbit-controls": {
      "version": "0.69.0",
      "resolved": "https://registry.npmjs.org/three-orbit-controls/-/three-orbit-controls-0.69.0.tgz",
      "integrity": "sha1-nYcHwIP0gCtyvrNp9AONyzvYNi8="
    },
    "three-orbit-viewer": {
      "version": "69.3.1",
      "resolved": "https://registry.npmjs.org/three-orbit-viewer/-/three-orbit-viewer-69.3.1.tgz",
      "integrity": "sha1-QblsFYcw41IWyv85DaAwS6sM21s=",
      "requires": {
        "as-number": "1.0.0",
        "canvas-app": "2.4.1",
        "events": "1.1.1",
        "three-orbit-controls": "0.69.0",
        "xtend": "4.0.1"
      }
    },
    "webgl-context": {
      "version": "1.2.1",
      "resolved": "https://registry.npmjs.org/webgl-context/-/webgl-context-1.2.1.tgz",
      "integrity": "sha1-irll7R8AajK4Z0H4vs0N7TKtUmw="
    },
    "xtend": {
      "version": "4.0.1",
      "resolved": "https://registry.npmjs.org/xtend/-/xtend-4.0.1.tgz",
      "integrity": "sha1-pcbVMr5lbiPbgg77lDofBJmNY68="
    }
  }
}
